// !$*UTF8*$!
{
	archiveVersion = 1;
	classes = {
	};
	objectVersion = 56;
	objects = {

/* Begin PBXBuildFile section */
		9C27D34629A8B2630012C274 /* GroupView.swift in Sources */ = {isa = PBXBuildFile; fileRef = 9C27D34529A8B2630012C274 /* GroupView.swift */; };
		9C27D34829A8B5460012C274 /* ClickedGroup.swift in Sources */ = {isa = PBXBuildFile; fileRef = 9C27D34729A8B5460012C274 /* ClickedGroup.swift */; };
		9C3BD94629BE7A2900637D36 /* Globals.swift in Sources */ = {isa = PBXBuildFile; fileRef = 9C3BD94529BE7A2900637D36 /* Globals.swift */; };
		9C3BD94829BE808A00637D36 /* ReportsView.swift in Sources */ = {isa = PBXBuildFile; fileRef = 9C3BD94729BE808A00637D36 /* ReportsView.swift */; };
		9C4F069E29A9282D009D1AFE /* SettingsView.swift in Sources */ = {isa = PBXBuildFile; fileRef = 9C4F069D29A9282D009D1AFE /* SettingsView.swift */; };
		9C4F06A229A928E8009D1AFE /* StoreModel.swift in Sources */ = {isa = PBXBuildFile; fileRef = 9C4F06A129A928E8009D1AFE /* StoreModel.swift */; };
		9C98E11129A8BFF70064F63F /* ClickedTask.swift in Sources */ = {isa = PBXBuildFile; fileRef = 9C98E11029A8BFF70064F63F /* ClickedTask.swift */; };
		9C98E11329A8C0790064F63F /* TaskEditView.swift in Sources */ = {isa = PBXBuildFile; fileRef = 9C98E11229A8C0790064F63F /* TaskEditView.swift */; };
		9C98E11529A8F6B80064F63F /* GroupEditView.swift in Sources */ = {isa = PBXBuildFile; fileRef = 9C98E11429A8F6B80064F63F /* GroupEditView.swift */; };
		9C98E11729A918BC0064F63F /* Autosave.swift in Sources */ = {isa = PBXBuildFile; fileRef = 9C98E11629A918BC0064F63F /* Autosave.swift */; };
		9CA84E1129A7721200A28FDA /* FurtheranceApp.swift in Sources */ = {isa = PBXBuildFile; fileRef = 9CA84E1029A7721200A28FDA /* FurtheranceApp.swift */; };
		9CA84E1329A7721200A28FDA /* ContentView.swift in Sources */ = {isa = PBXBuildFile; fileRef = 9CA84E1229A7721200A28FDA /* ContentView.swift */; };
		9CA84E1529A7721300A28FDA /* Assets.xcassets in Resources */ = {isa = PBXBuildFile; fileRef = 9CA84E1429A7721300A28FDA /* Assets.xcassets */; };
		9CA84E1829A7721300A28FDA /* Preview Assets.xcassets in Resources */ = {isa = PBXBuildFile; fileRef = 9CA84E1729A7721300A28FDA /* Preview Assets.xcassets */; };
		9CA84E1A29A7721300A28FDA /* Persistence.swift in Sources */ = {isa = PBXBuildFile; fileRef = 9CA84E1929A7721300A28FDA /* Persistence.swift */; };
		9CA84E1D29A7721300A28FDA /* Furtherance.xcdatamodeld in Sources */ = {isa = PBXBuildFile; fileRef = 9CA84E1B29A7721300A28FDA /* Furtherance.xcdatamodeld */; };
		9CA84E2729A7767500A28FDA /* TaskTagsInput.swift in Sources */ = {isa = PBXBuildFile; fileRef = 9CA84E2629A7767500A28FDA /* TaskTagsInput.swift */; };
		9CA84E2929A777E800A28FDA /* StopWatch.swift in Sources */ = {isa = PBXBuildFile; fileRef = 9CA84E2829A777E800A28FDA /* StopWatch.swift */; };
		9CA84E3029A79EE600A28FDA /* TaskRow.swift in Sources */ = {isa = PBXBuildFile; fileRef = 9CA84E2F29A79EE600A28FDA /* TaskRow.swift */; };
		9CA84E3429A7A4F500A28FDA /* FurTaskGroup.swift in Sources */ = {isa = PBXBuildFile; fileRef = 9CA84E3329A7A4F500A28FDA /* FurTaskGroup.swift */; };
		9CA84E3629A7AE0600A28FDA /* TimerHelper.swift in Sources */ = {isa = PBXBuildFile; fileRef = 9CA84E3529A7AE0600A28FDA /* TimerHelper.swift */; };
		9CD1EEDB29ACBBC70044B9E4 /* Info.plist in Resources */ = {isa = PBXBuildFile; fileRef = 9CD1EEDA29ACBBC70044B9E4 /* Info.plist */; };
/* End PBXBuildFile section */

/* Begin PBXFileReference section */
		9C27D34529A8B2630012C274 /* GroupView.swift */ = {isa = PBXFileReference; lastKnownFileType = sourcecode.swift; path = GroupView.swift; sourceTree = "<group>"; };
		9C27D34729A8B5460012C274 /* ClickedGroup.swift */ = {isa = PBXFileReference; lastKnownFileType = sourcecode.swift; path = ClickedGroup.swift; sourceTree = "<group>"; };
		9C3BD94529BE7A2900637D36 /* Globals.swift */ = {isa = PBXFileReference; lastKnownFileType = sourcecode.swift; path = Globals.swift; sourceTree = "<group>"; };
		9C3BD94729BE808A00637D36 /* ReportsView.swift */ = {isa = PBXFileReference; lastKnownFileType = sourcecode.swift; path = ReportsView.swift; sourceTree = "<group>"; };
		9C4F069D29A9282D009D1AFE /* SettingsView.swift */ = {isa = PBXFileReference; lastKnownFileType = sourcecode.swift; path = SettingsView.swift; sourceTree = "<group>"; };
		9C4F06A029A928A1009D1AFE /* Furtherance.storekit */ = {isa = PBXFileReference; lastKnownFileType = text; path = Furtherance.storekit; sourceTree = "<group>"; };
		9C4F06A129A928E8009D1AFE /* StoreModel.swift */ = {isa = PBXFileReference; lastKnownFileType = sourcecode.swift; path = StoreModel.swift; sourceTree = "<group>"; };
		9C98E11029A8BFF70064F63F /* ClickedTask.swift */ = {isa = PBXFileReference; lastKnownFileType = sourcecode.swift; path = ClickedTask.swift; sourceTree = "<group>"; };
		9C98E11229A8C0790064F63F /* TaskEditView.swift */ = {isa = PBXFileReference; lastKnownFileType = sourcecode.swift; path = TaskEditView.swift; sourceTree = "<group>"; };
		9C98E11429A8F6B80064F63F /* GroupEditView.swift */ = {isa = PBXFileReference; lastKnownFileType = sourcecode.swift; path = GroupEditView.swift; sourceTree = "<group>"; };
		9C98E11629A918BC0064F63F /* Autosave.swift */ = {isa = PBXFileReference; lastKnownFileType = sourcecode.swift; path = Autosave.swift; sourceTree = "<group>"; };
		9CA84E0D29A7721200A28FDA /* Furtherance.app */ = {isa = PBXFileReference; explicitFileType = wrapper.application; includeInIndex = 0; path = Furtherance.app; sourceTree = BUILT_PRODUCTS_DIR; };
		9CA84E1029A7721200A28FDA /* FurtheranceApp.swift */ = {isa = PBXFileReference; lastKnownFileType = sourcecode.swift; path = FurtheranceApp.swift; sourceTree = "<group>"; };
		9CA84E1229A7721200A28FDA /* ContentView.swift */ = {isa = PBXFileReference; lastKnownFileType = sourcecode.swift; path = ContentView.swift; sourceTree = "<group>"; };
		9CA84E1429A7721300A28FDA /* Assets.xcassets */ = {isa = PBXFileReference; lastKnownFileType = folder.assetcatalog; path = Assets.xcassets; sourceTree = "<group>"; };
		9CA84E1729A7721300A28FDA /* Preview Assets.xcassets */ = {isa = PBXFileReference; lastKnownFileType = folder.assetcatalog; path = "Preview Assets.xcassets"; sourceTree = "<group>"; };
		9CA84E1929A7721300A28FDA /* Persistence.swift */ = {isa = PBXFileReference; lastKnownFileType = sourcecode.swift; path = Persistence.swift; sourceTree = "<group>"; };
		9CA84E1C29A7721300A28FDA /* Furtherance.xcdatamodel */ = {isa = PBXFileReference; lastKnownFileType = wrapper.xcdatamodel; path = Furtherance.xcdatamodel; sourceTree = "<group>"; };
		9CA84E1E29A7721300A28FDA /* Furtherance.entitlements */ = {isa = PBXFileReference; lastKnownFileType = text.plist.entitlements; path = Furtherance.entitlements; sourceTree = "<group>"; };
		9CA84E2629A7767500A28FDA /* TaskTagsInput.swift */ = {isa = PBXFileReference; lastKnownFileType = sourcecode.swift; path = TaskTagsInput.swift; sourceTree = "<group>"; };
		9CA84E2829A777E800A28FDA /* StopWatch.swift */ = {isa = PBXFileReference; lastKnownFileType = sourcecode.swift; path = StopWatch.swift; sourceTree = "<group>"; };
		9CA84E2F29A79EE600A28FDA /* TaskRow.swift */ = {isa = PBXFileReference; lastKnownFileType = sourcecode.swift; path = TaskRow.swift; sourceTree = "<group>"; };
		9CA84E3329A7A4F500A28FDA /* FurTaskGroup.swift */ = {isa = PBXFileReference; lastKnownFileType = sourcecode.swift; path = FurTaskGroup.swift; sourceTree = "<group>"; };
		9CA84E3529A7AE0600A28FDA /* TimerHelper.swift */ = {isa = PBXFileReference; lastKnownFileType = sourcecode.swift; path = TimerHelper.swift; sourceTree = "<group>"; };
		9CD1EEDA29ACBBC70044B9E4 /* Info.plist */ = {isa = PBXFileReference; lastKnownFileType = text.plist.xml; path = Info.plist; sourceTree = "<group>"; };
/* End PBXFileReference section */

/* Begin PBXFrameworksBuildPhase section */
		9CA84E0A29A7721200A28FDA /* Frameworks */ = {
			isa = PBXFrameworksBuildPhase;
			buildActionMask = 2147483647;
			files = (
			);
			runOnlyForDeploymentPostprocessing = 0;
		};
/* End PBXFrameworksBuildPhase section */

/* Begin PBXGroup section */
		9C3BD94429BE7A1A00637D36 /* Globals */ = {
			isa = PBXGroup;
			children = (
				9C3BD94529BE7A2900637D36 /* Globals.swift */,
			);
			path = Globals;
			sourceTree = "<group>";
		};
		9C4F069F29A9287B009D1AFE /* Store */ = {
			isa = PBXGroup;
			children = (
				9C4F06A029A928A1009D1AFE /* Furtherance.storekit */,
				9C4F06A129A928E8009D1AFE /* StoreModel.swift */,
			);
			path = Store;
			sourceTree = "<group>";
		};
		9CA84E0429A7721200A28FDA = {
			isa = PBXGroup;
			children = (
				9CA84E0F29A7721200A28FDA /* Furtherance */,
				9CA84E0E29A7721200A28FDA /* Products */,
			);
			sourceTree = "<group>";
		};
		9CA84E0E29A7721200A28FDA /* Products */ = {
			isa = PBXGroup;
			children = (
				9CA84E0D29A7721200A28FDA /* Furtherance.app */,
			);
			name = Products;
			sourceTree = "<group>";
		};
		9CA84E0F29A7721200A28FDA /* Furtherance */ = {
			isa = PBXGroup;
			children = (
				9C3BD94429BE7A1A00637D36 /* Globals */,
				9C4F069F29A9287B009D1AFE /* Store */,
				9CA84E2E29A79ECC00A28FDA /* Views */,
				9CA84E2B29A77A8000A28FDA /* Helpers */,
				9CA84E2529A7766000A28FDA /* Objects */,
				9CA84E1029A7721200A28FDA /* FurtheranceApp.swift */,
				9CA84E1229A7721200A28FDA /* ContentView.swift */,
				9CA84E1429A7721300A28FDA /* Assets.xcassets */,
				9CA84E1929A7721300A28FDA /* Persistence.swift */,
				9CA84E1E29A7721300A28FDA /* Furtherance.entitlements */,
				9CA84E1B29A7721300A28FDA /* Furtherance.xcdatamodeld */,
				9CA84E1629A7721300A28FDA /* Preview Content */,
				9CD1EEDA29ACBBC70044B9E4 /* Info.plist */,
			);
			path = Furtherance;
			sourceTree = "<group>";
		};
		9CA84E1629A7721300A28FDA /* Preview Content */ = {
			isa = PBXGroup;
			children = (
				9CA84E1729A7721300A28FDA /* Preview Assets.xcassets */,
			);
			path = "Preview Content";
			sourceTree = "<group>";
		};
		9CA84E2529A7766000A28FDA /* Objects */ = {
			isa = PBXGroup;
			children = (
				9CA84E2629A7767500A28FDA /* TaskTagsInput.swift */,
				9CA84E2829A777E800A28FDA /* StopWatch.swift */,
				9CA84E3329A7A4F500A28FDA /* FurTaskGroup.swift */,
				9C27D34729A8B5460012C274 /* ClickedGroup.swift */,
				9C98E11029A8BFF70064F63F /* ClickedTask.swift */,
			);
			path = Objects;
			sourceTree = "<group>";
		};
		9CA84E2B29A77A8000A28FDA /* Helpers */ = {
			isa = PBXGroup;
			children = (
				9CA84E3529A7AE0600A28FDA /* TimerHelper.swift */,
				9C98E11629A918BC0064F63F /* Autosave.swift */,
			);
			path = Helpers;
			sourceTree = "<group>";
		};
		9CA84E2E29A79ECC00A28FDA /* Views */ = {
			isa = PBXGroup;
			children = (
				9CA84E2F29A79EE600A28FDA /* TaskRow.swift */,
				9C27D34529A8B2630012C274 /* GroupView.swift */,
				9C98E11229A8C0790064F63F /* TaskEditView.swift */,
				9C98E11429A8F6B80064F63F /* GroupEditView.swift */,
				9C4F069D29A9282D009D1AFE /* SettingsView.swift */,
				9C3BD94729BE808A00637D36 /* ReportsView.swift */,
			);
			path = Views;
			sourceTree = "<group>";
		};
/* End PBXGroup section */

/* Begin PBXNativeTarget section */
		9CA84E0C29A7721200A28FDA /* Furtherance */ = {
			isa = PBXNativeTarget;
			buildConfigurationList = 9CA84E2129A7721300A28FDA /* Build configuration list for PBXNativeTarget "Furtherance" */;
			buildPhases = (
				9CA84E0929A7721200A28FDA /* Sources */,
				9CA84E0A29A7721200A28FDA /* Frameworks */,
				9CA84E0B29A7721200A28FDA /* Resources */,
			);
			buildRules = (
			);
			dependencies = (
			);
			name = Furtherance;
			packageProductDependencies = (
			);
			productName = Furtherance;
			productReference = 9CA84E0D29A7721200A28FDA /* Furtherance.app */;
			productType = "com.apple.product-type.application";
		};
/* End PBXNativeTarget section */

/* Begin PBXProject section */
		9CA84E0529A7721200A28FDA /* Project object */ = {
			isa = PBXProject;
			attributes = {
				BuildIndependentTargetsInParallel = 1;
				LastSwiftUpdateCheck = 1420;
				LastUpgradeCheck = 1420;
				TargetAttributes = {
					9CA84E0C29A7721200A28FDA = {
						CreatedOnToolsVersion = 14.2;
					};
				};
			};
			buildConfigurationList = 9CA84E0829A7721200A28FDA /* Build configuration list for PBXProject "Furtherance" */;
			compatibilityVersion = "Xcode 14.0";
			developmentRegion = en;
			hasScannedForEncodings = 0;
			knownRegions = (
				en,
				Base,
			);
			mainGroup = 9CA84E0429A7721200A28FDA;
			packageReferences = (
			);
			productRefGroup = 9CA84E0E29A7721200A28FDA /* Products */;
			projectDirPath = "";
			projectRoot = "";
			targets = (
				9CA84E0C29A7721200A28FDA /* Furtherance */,
			);
		};
/* End PBXProject section */

/* Begin PBXResourcesBuildPhase section */
		9CA84E0B29A7721200A28FDA /* Resources */ = {
			isa = PBXResourcesBuildPhase;
			buildActionMask = 2147483647;
			files = (
				9CA84E1829A7721300A28FDA /* Preview Assets.xcassets in Resources */,
				9CA84E1529A7721300A28FDA /* Assets.xcassets in Resources */,
				9CD1EEDB29ACBBC70044B9E4 /* Info.plist in Resources */,
			);
			runOnlyForDeploymentPostprocessing = 0;
		};
/* End PBXResourcesBuildPhase section */

/* Begin PBXSourcesBuildPhase section */
		9CA84E0929A7721200A28FDA /* Sources */ = {
			isa = PBXSourcesBuildPhase;
			buildActionMask = 2147483647;
			files = (
				9C4F06A229A928E8009D1AFE /* StoreModel.swift in Sources */,
				9CA84E2729A7767500A28FDA /* TaskTagsInput.swift in Sources */,
				9C27D34829A8B5460012C274 /* ClickedGroup.swift in Sources */,
				9CA84E3629A7AE0600A28FDA /* TimerHelper.swift in Sources */,
				9C98E11729A918BC0064F63F /* Autosave.swift in Sources */,
				9C98E11329A8C0790064F63F /* TaskEditView.swift in Sources */,
				9CA84E1A29A7721300A28FDA /* Persistence.swift in Sources */,
				9CA84E1329A7721200A28FDA /* ContentView.swift in Sources */,
				9C3BD94629BE7A2900637D36 /* Globals.swift in Sources */,
				9CA84E2929A777E800A28FDA /* StopWatch.swift in Sources */,
				9CA84E1129A7721200A28FDA /* FurtheranceApp.swift in Sources */,
				9C4F069E29A9282D009D1AFE /* SettingsView.swift in Sources */,
				9C3BD94829BE808A00637D36 /* ReportsView.swift in Sources */,
				9C98E11529A8F6B80064F63F /* GroupEditView.swift in Sources */,
				9CA84E3029A79EE600A28FDA /* TaskRow.swift in Sources */,
				9CA84E3429A7A4F500A28FDA /* FurTaskGroup.swift in Sources */,
				9C27D34629A8B2630012C274 /* GroupView.swift in Sources */,
				9C98E11129A8BFF70064F63F /* ClickedTask.swift in Sources */,
				9CA84E1D29A7721300A28FDA /* Furtherance.xcdatamodeld in Sources */,
			);
			runOnlyForDeploymentPostprocessing = 0;
		};
/* End PBXSourcesBuildPhase section */

/* Begin XCBuildConfiguration section */
		9CA84E1F29A7721300A28FDA /* Debug */ = {
			isa = XCBuildConfiguration;
			buildSettings = {
				ALWAYS_SEARCH_USER_PATHS = NO;
				CLANG_ANALYZER_NONNULL = YES;
				CLANG_ANALYZER_NUMBER_OBJECT_CONVERSION = YES_AGGRESSIVE;
				CLANG_CXX_LANGUAGE_STANDARD = "gnu++20";
				CLANG_ENABLE_MODULES = YES;
				CLANG_ENABLE_OBJC_ARC = YES;
				CLANG_ENABLE_OBJC_WEAK = YES;
				CLANG_WARN_BLOCK_CAPTURE_AUTORELEASING = YES;
				CLANG_WARN_BOOL_CONVERSION = YES;
				CLANG_WARN_COMMA = YES;
				CLANG_WARN_CONSTANT_CONVERSION = YES;
				CLANG_WARN_DEPRECATED_OBJC_IMPLEMENTATIONS = YES;
				CLANG_WARN_DIRECT_OBJC_ISA_USAGE = YES_ERROR;
				CLANG_WARN_DOCUMENTATION_COMMENTS = YES;
				CLANG_WARN_EMPTY_BODY = YES;
				CLANG_WARN_ENUM_CONVERSION = YES;
				CLANG_WARN_INFINITE_RECURSION = YES;
				CLANG_WARN_INT_CONVERSION = YES;
				CLANG_WARN_NON_LITERAL_NULL_CONVERSION = YES;
				CLANG_WARN_OBJC_IMPLICIT_RETAIN_SELF = YES;
				CLANG_WARN_OBJC_LITERAL_CONVERSION = YES;
				CLANG_WARN_OBJC_ROOT_CLASS = YES_ERROR;
				CLANG_WARN_QUOTED_INCLUDE_IN_FRAMEWORK_HEADER = YES;
				CLANG_WARN_RANGE_LOOP_ANALYSIS = YES;
				CLANG_WARN_STRICT_PROTOTYPES = YES;
				CLANG_WARN_SUSPICIOUS_MOVE = YES;
				CLANG_WARN_UNGUARDED_AVAILABILITY = YES_AGGRESSIVE;
				CLANG_WARN_UNREACHABLE_CODE = YES;
				CLANG_WARN__DUPLICATE_METHOD_MATCH = YES;
				COPY_PHASE_STRIP = NO;
				DEBUG_INFORMATION_FORMAT = dwarf;
				ENABLE_STRICT_OBJC_MSGSEND = YES;
				ENABLE_TESTABILITY = YES;
				GCC_C_LANGUAGE_STANDARD = gnu11;
				GCC_DYNAMIC_NO_PIC = NO;
				GCC_NO_COMMON_BLOCKS = YES;
				GCC_OPTIMIZATION_LEVEL = 0;
				GCC_PREPROCESSOR_DEFINITIONS = (
					"DEBUG=1",
					"$(inherited)",
				);
				GCC_WARN_64_TO_32_BIT_CONVERSION = YES;
				GCC_WARN_ABOUT_RETURN_TYPE = YES_ERROR;
				GCC_WARN_UNDECLARED_SELECTOR = YES;
				GCC_WARN_UNINITIALIZED_AUTOS = YES_AGGRESSIVE;
				GCC_WARN_UNUSED_FUNCTION = YES;
				GCC_WARN_UNUSED_VARIABLE = YES;
				MACOSX_DEPLOYMENT_TARGET = 13.1;
				MTL_ENABLE_DEBUG_INFO = INCLUDE_SOURCE;
				MTL_FAST_MATH = YES;
				ONLY_ACTIVE_ARCH = YES;
				SDKROOT = macosx;
				SWIFT_ACTIVE_COMPILATION_CONDITIONS = DEBUG;
				SWIFT_OPTIMIZATION_LEVEL = "-Onone";
			};
			name = Debug;
		};
		9CA84E2029A7721300A28FDA /* Release */ = {
			isa = XCBuildConfiguration;
			buildSettings = {
				ALWAYS_SEARCH_USER_PATHS = NO;
				CLANG_ANALYZER_NONNULL = YES;
				CLANG_ANALYZER_NUMBER_OBJECT_CONVERSION = YES_AGGRESSIVE;
				CLANG_CXX_LANGUAGE_STANDARD = "gnu++20";
				CLANG_ENABLE_MODULES = YES;
				CLANG_ENABLE_OBJC_ARC = YES;
				CLANG_ENABLE_OBJC_WEAK = YES;
				CLANG_WARN_BLOCK_CAPTURE_AUTORELEASING = YES;
				CLANG_WARN_BOOL_CONVERSION = YES;
				CLANG_WARN_COMMA = YES;
				CLANG_WARN_CONSTANT_CONVERSION = YES;
				CLANG_WARN_DEPRECATED_OBJC_IMPLEMENTATIONS = YES;
				CLANG_WARN_DIRECT_OBJC_ISA_USAGE = YES_ERROR;
				CLANG_WARN_DOCUMENTATION_COMMENTS = YES;
				CLANG_WARN_EMPTY_BODY = YES;
				CLANG_WARN_ENUM_CONVERSION = YES;
				CLANG_WARN_INFINITE_RECURSION = YES;
				CLANG_WARN_INT_CONVERSION = YES;
				CLANG_WARN_NON_LITERAL_NULL_CONVERSION = YES;
				CLANG_WARN_OBJC_IMPLICIT_RETAIN_SELF = YES;
				CLANG_WARN_OBJC_LITERAL_CONVERSION = YES;
				CLANG_WARN_OBJC_ROOT_CLASS = YES_ERROR;
				CLANG_WARN_QUOTED_INCLUDE_IN_FRAMEWORK_HEADER = YES;
				CLANG_WARN_RANGE_LOOP_ANALYSIS = YES;
				CLANG_WARN_STRICT_PROTOTYPES = YES;
				CLANG_WARN_SUSPICIOUS_MOVE = YES;
				CLANG_WARN_UNGUARDED_AVAILABILITY = YES_AGGRESSIVE;
				CLANG_WARN_UNREACHABLE_CODE = YES;
				CLANG_WARN__DUPLICATE_METHOD_MATCH = YES;
				COPY_PHASE_STRIP = NO;
				DEBUG_INFORMATION_FORMAT = "dwarf-with-dsym";
				ENABLE_NS_ASSERTIONS = NO;
				ENABLE_STRICT_OBJC_MSGSEND = YES;
				GCC_C_LANGUAGE_STANDARD = gnu11;
				GCC_NO_COMMON_BLOCKS = YES;
				GCC_WARN_64_TO_32_BIT_CONVERSION = YES;
				GCC_WARN_ABOUT_RETURN_TYPE = YES_ERROR;
				GCC_WARN_UNDECLARED_SELECTOR = YES;
				GCC_WARN_UNINITIALIZED_AUTOS = YES_AGGRESSIVE;
				GCC_WARN_UNUSED_FUNCTION = YES;
				GCC_WARN_UNUSED_VARIABLE = YES;
				MACOSX_DEPLOYMENT_TARGET = 13.1;
				MTL_ENABLE_DEBUG_INFO = NO;
				MTL_FAST_MATH = YES;
				SDKROOT = macosx;
				SWIFT_COMPILATION_MODE = wholemodule;
				SWIFT_OPTIMIZATION_LEVEL = "-O";
			};
			name = Release;
		};
		9CA84E2229A7721300A28FDA /* Debug */ = {
			isa = XCBuildConfiguration;
			buildSettings = {
				ASSETCATALOG_COMPILER_APPICON_NAME = AppIcon;
				ASSETCATALOG_COMPILER_GLOBAL_ACCENT_COLOR_NAME = AccentColor;
				CODE_SIGN_ENTITLEMENTS = Furtherance/Furtherance.entitlements;
				"CODE_SIGN_IDENTITY[sdk=macosx*]" = "Apple Development";
				CODE_SIGN_STYLE = Automatic;
				COMBINE_HIDPI_IMAGES = YES;
				CURRENT_PROJECT_VERSION = 1;
				DEVELOPMENT_ASSET_PATHS = "\"Furtherance/Preview Content\"";
				DEVELOPMENT_TEAM = Z5MKQX2NCZ;
				ENABLE_HARDENED_RUNTIME = YES;
				ENABLE_PREVIEWS = YES;
				GENERATE_INFOPLIST_FILE = YES;
				INFOPLIST_KEY_CFBundleDisplayName = Furtherance;
				INFOPLIST_KEY_LSApplicationCategoryType = "public.app-category.productivity";
				INFOPLIST_KEY_NSHumanReadableCopyright = "";
				LD_RUNPATH_SEARCH_PATHS = (
					"$(inherited)",
					"@executable_path/../Frameworks",
				);
				MARKETING_VERSION = 1.0;
				PRODUCT_BUNDLE_IDENTIFIER = com.lakoliu.furtherance;
				PRODUCT_NAME = "$(TARGET_NAME)";
				SWIFT_EMIT_LOC_STRINGS = YES;
				SWIFT_VERSION = 5.0;
			};
			name = Debug;
		};
		9CA84E2329A7721300A28FDA /* Release */ = {
			isa = XCBuildConfiguration;
			buildSettings = {
				ASSETCATALOG_COMPILER_APPICON_NAME = AppIcon;
				ASSETCATALOG_COMPILER_GLOBAL_ACCENT_COLOR_NAME = AccentColor;
				CODE_SIGN_ENTITLEMENTS = Furtherance/Furtherance.entitlements;
				"CODE_SIGN_IDENTITY[sdk=macosx*]" = "Apple Development";
				CODE_SIGN_STYLE = Automatic;
				COMBINE_HIDPI_IMAGES = YES;
				CURRENT_PROJECT_VERSION = 1;
				DEVELOPMENT_ASSET_PATHS = "\"Furtherance/Preview Content\"";
				DEVELOPMENT_TEAM = Z5MKQX2NCZ;
				ENABLE_HARDENED_RUNTIME = YES;
				ENABLE_PREVIEWS = YES;
				GENERATE_INFOPLIST_FILE = YES;
				INFOPLIST_KEY_CFBundleDisplayName = Furtherance;
				INFOPLIST_KEY_LSApplicationCategoryType = "public.app-category.productivity";
				INFOPLIST_KEY_NSHumanReadableCopyright = "";
				LD_RUNPATH_SEARCH_PATHS = (
					"$(inherited)",
					"@executable_path/../Frameworks",
				);
				MARKETING_VERSION = 1.0;
				PRODUCT_BUNDLE_IDENTIFIER = com.lakoliu.furtherance;
				PRODUCT_NAME = "$(TARGET_NAME)";
				SWIFT_EMIT_LOC_STRINGS = YES;
				SWIFT_VERSION = 5.0;
			};
			name = Release;
		};
/* End XCBuildConfiguration section */

/* Begin XCConfigurationList section */
		9CA84E0829A7721200A28FDA /* Build configuration list for PBXProject "Furtherance" */ = {
			isa = XCConfigurationList;
			buildConfigurations = (
				9CA84E1F29A7721300A28FDA /* Debug */,
				9CA84E2029A7721300A28FDA /* Release */,
			);
			defaultConfigurationIsVisible = 0;
			defaultConfigurationName = Release;
		};
		9CA84E2129A7721300A28FDA /* Build configuration list for PBXNativeTarget "Furtherance" */ = {
			isa = XCConfigurationList;
			buildConfigurations = (
				9CA84E2229A7721300A28FDA /* Debug */,
				9CA84E2329A7721300A28FDA /* Release */,
			);
			defaultConfigurationIsVisible = 0;
			defaultConfigurationName = Release;
		};
/* End XCConfigurationList section */

/* Begin XCVersionGroup section */
		9CA84E1B29A7721300A28FDA /* Furtherance.xcdatamodeld */ = {
			isa = XCVersionGroup;
			children = (
				9CA84E1C29A7721300A28FDA /* Furtherance.xcdatamodel */,
			);
			currentVersion = 9CA84E1C29A7721300A28FDA /* Furtherance.xcdatamodel */;
			path = Furtherance.xcdatamodeld;
			sourceTree = "<group>";
			versionGroupType = wrapper.xcdatamodel;
		};
/* End XCVersionGroup section */
	};
	rootObject = 9CA84E0529A7721200A28FDA /* Project object */;
}
