// !$*UTF8*$!
{
	archiveVersion = 1;
	classes = {
	};
	objectVersion = 56;
	objects = {

/* Begin PBXBuildFile section */
		9C0657312B4C32C300745C90 /* StopWatchHelper.swift in Sources */ = {isa = PBXBuildFile; fileRef = 9C0657302B4C32C300745C90 /* StopWatchHelper.swift */; };
		9C1026672A361B5000FB95D8 /* AddTaskView.swift in Sources */ = {isa = PBXBuildFile; fileRef = 9C1026662A361B5000FB95D8 /* AddTaskView.swift */; };
		9C108A452A5ADF4A00BD60D3 /* IOSReportsView.swift in Sources */ = {isa = PBXBuildFile; fileRef = 9C108A442A5ADF4A00BD60D3 /* IOSReportsView.swift */; platformFilter = ios; };
		9C27D34629A8B2630012C274 /* GroupView.swift in Sources */ = {isa = PBXBuildFile; fileRef = 9C27D34529A8B2630012C274 /* GroupView.swift */; };
		9C27D34829A8B5460012C274 /* ClickedGroup.swift in Sources */ = {isa = PBXBuildFile; fileRef = 9C27D34729A8B5460012C274 /* ClickedGroup.swift */; };
		9C3B41372A54966E002F3F5B /* Storyboard.storyboard in Resources */ = {isa = PBXBuildFile; fileRef = 9C3B41362A54966E002F3F5B /* Storyboard.storyboard */; platformFilter = ios; };
		9C3BD94629BE7A2900637D36 /* Globals.swift in Sources */ = {isa = PBXBuildFile; fileRef = 9C3BD94529BE7A2900637D36 /* Globals.swift */; };
		9C3BD94829BE808A00637D36 /* ReportsView.swift in Sources */ = {isa = PBXBuildFile; fileRef = 9C3BD94729BE808A00637D36 /* ReportsView.swift */; };
		9C4074C92A31E26A00C989CF /* Extensions.swift in Sources */ = {isa = PBXBuildFile; fileRef = 9C4074C82A31E26A00C989CF /* Extensions.swift */; };
		9C4683E82A502E56006D1B7A /* GeneralSettingsView.swift in Sources */ = {isa = PBXBuildFile; fileRef = 9C4683E72A502E56006D1B7A /* GeneralSettingsView.swift */; };
		9C4683EA2A502F7C006D1B7A /* AdvancedSettingsView.swift in Sources */ = {isa = PBXBuildFile; fileRef = 9C4683E92A502F7C006D1B7A /* AdvancedSettingsView.swift */; };
		9C4683ED2A503015006D1B7A /* PomodoroSettingsView.swift in Sources */ = {isa = PBXBuildFile; fileRef = 9C4683EC2A503015006D1B7A /* PomodoroSettingsView.swift */; };
		9C4683EF2A503059006D1B7A /* BuyProView.swift in Sources */ = {isa = PBXBuildFile; fileRef = 9C4683EE2A503059006D1B7A /* BuyProView.swift */; };
		9C4B2C772B6512530099CB9A /* StartFurtheranceTimerIntent.swift in Sources */ = {isa = PBXBuildFile; fileRef = 9C4B2C762B6512530099CB9A /* StartFurtheranceTimerIntent.swift */; };
		9C4F069E29A9282D009D1AFE /* SettingsView.swift in Sources */ = {isa = PBXBuildFile; fileRef = 9C4F069D29A9282D009D1AFE /* SettingsView.swift */; };
		9C4F06A229A928E8009D1AFE /* StoreModel.swift in Sources */ = {isa = PBXBuildFile; fileRef = 9C4F06A129A928E8009D1AFE /* StoreModel.swift */; };
		9C74DED02B5D804400322F21 /* CloudKit.framework in Frameworks */ = {isa = PBXBuildFile; fileRef = 9C74DECF2B5D804400322F21 /* CloudKit.framework */; };
		9C75182F2A35FEEF005100B6 /* GroupAddView.swift in Sources */ = {isa = PBXBuildFile; fileRef = 9C75182E2A35FEEF005100B6 /* GroupAddView.swift */; };
		9C7A69312B6D1DC40080E19F /* FurtheranceShortcuts.swift in Sources */ = {isa = PBXBuildFile; fileRef = 9C7A69302B6D1DC40080E19F /* FurtheranceShortcuts.swift */; };
		9C98E11129A8BFF70064F63F /* ClickedTask.swift in Sources */ = {isa = PBXBuildFile; fileRef = 9C98E11029A8BFF70064F63F /* ClickedTask.swift */; };
		9C98E11329A8C0790064F63F /* TaskEditView.swift in Sources */ = {isa = PBXBuildFile; fileRef = 9C98E11229A8C0790064F63F /* TaskEditView.swift */; };
		9C98E11529A8F6B80064F63F /* GroupEditView.swift in Sources */ = {isa = PBXBuildFile; fileRef = 9C98E11429A8F6B80064F63F /* GroupEditView.swift */; };
		9C98E11729A918BC0064F63F /* Autosave.swift in Sources */ = {isa = PBXBuildFile; fileRef = 9C98E11629A918BC0064F63F /* Autosave.swift */; };
		9C9974A92B5D540700852592 /* PersistentTimer.swift in Sources */ = {isa = PBXBuildFile; fileRef = 9C9974A82B5D540700852592 /* PersistentTimer.swift */; };
		9C9DB0622A543F0600E0DC2B /* Assets-macOS.xcassets in Resources */ = {isa = PBXBuildFile; fileRef = 9CA84E1429A7721300A28FDA /* Assets-macOS.xcassets */; platformFilters = (macos, ); };
		9C9DB0652A54405A00E0DC2B /* Assets-iOS.xcassets in Resources */ = {isa = PBXBuildFile; fileRef = 9C9DB0642A54405A00E0DC2B /* Assets-iOS.xcassets */; platformFilter = ios; };
		9CA84E1129A7721200A28FDA /* FurtheranceApp.swift in Sources */ = {isa = PBXBuildFile; fileRef = 9CA84E1029A7721200A28FDA /* FurtheranceApp.swift */; };
		9CA84E1329A7721200A28FDA /* ContentView.swift in Sources */ = {isa = PBXBuildFile; fileRef = 9CA84E1229A7721200A28FDA /* ContentView.swift */; };
		9CA84E1A29A7721300A28FDA /* PersistenceController.swift in Sources */ = {isa = PBXBuildFile; fileRef = 9CA84E1929A7721300A28FDA /* PersistenceController.swift */; };
		9CA84E1D29A7721300A28FDA /* Furtherance.xcdatamodeld in Sources */ = {isa = PBXBuildFile; fileRef = 9CA84E1B29A7721300A28FDA /* Furtherance.xcdatamodeld */; };
		9CA84E2729A7767500A28FDA /* TaskTagsInput.swift in Sources */ = {isa = PBXBuildFile; fileRef = 9CA84E2629A7767500A28FDA /* TaskTagsInput.swift */; };
		9CA84E3029A79EE600A28FDA /* TaskRow.swift in Sources */ = {isa = PBXBuildFile; fileRef = 9CA84E2F29A79EE600A28FDA /* TaskRow.swift */; };
		9CA84E3429A7A4F500A28FDA /* FurTaskGroup.swift in Sources */ = {isa = PBXBuildFile; fileRef = 9CA84E3329A7A4F500A28FDA /* FurTaskGroup.swift */; };
		9CA84E3629A7AE0600A28FDA /* TimerHelper.swift in Sources */ = {isa = PBXBuildFile; fileRef = 9CA84E3529A7AE0600A28FDA /* TimerHelper.swift */; };
		9CAB8E3229C1331C00610E6E /* StoreKit.framework in Frameworks */ = {isa = PBXBuildFile; fileRef = 9CAB8E3129C1331C00610E6E /* StoreKit.framework */; };
		9CBD0C812B696E3500BC43DD /* StopFurtheranceTimerIntent.swift in Sources */ = {isa = PBXBuildFile; fileRef = 9CBD0C802B696E3500BC43DD /* StopFurtheranceTimerIntent.swift */; };
		9CBD0C832B696EB000BC43DD /* ShouldIAskAppEnum.swift in Sources */ = {isa = PBXBuildFile; fileRef = 9CBD0C822B696EB000BC43DD /* ShouldIAskAppEnum.swift */; };
		9CDA71822B4E694A00758CE2 /* TimeDisplayView.swift in Sources */ = {isa = PBXBuildFile; fileRef = 9CDA71812B4E694A00758CE2 /* TimeDisplayView.swift */; };
		9CE227322A3C3DD50008032D /* CSVFile.swift in Sources */ = {isa = PBXBuildFile; fileRef = 9CE227312A3C3DD50008032D /* CSVFile.swift */; };
		9CE733E12A45C40800BF8165 /* AppDelegate.swift in Sources */ = {isa = PBXBuildFile; fileRef = 9CE733E02A45C40800BF8165 /* AppDelegate.swift */; platformFilters = (macos, ); };
		9CF305152B642D95007CDB5E /* OpenFurtheranceTimerIntent.swift in Sources */ = {isa = PBXBuildFile; fileRef = 9CF305142B642D95007CDB5E /* OpenFurtheranceTimerIntent.swift */; };
		9CF305172B642EE7007CDB5E /* Navigator.swift in Sources */ = {isa = PBXBuildFile; fileRef = 9CF305162B642EE7007CDB5E /* Navigator.swift */; };
		9CFD857B2B4CA63500A8C5D8 /* DockTileContents.swift in Sources */ = {isa = PBXBuildFile; fileRef = 9CFD857A2B4CA63500A8C5D8 /* DockTileContents.swift */; };
/* End PBXBuildFile section */

/* Begin PBXFileReference section */
		9C0657302B4C32C300745C90 /* StopWatchHelper.swift */ = {isa = PBXFileReference; lastKnownFileType = sourcecode.swift; path = StopWatchHelper.swift; sourceTree = "<group>"; };
		9C1026662A361B5000FB95D8 /* AddTaskView.swift */ = {isa = PBXFileReference; lastKnownFileType = sourcecode.swift; path = AddTaskView.swift; sourceTree = "<group>"; };
		9C108A442A5ADF4A00BD60D3 /* IOSReportsView.swift */ = {isa = PBXFileReference; lastKnownFileType = sourcecode.swift; path = IOSReportsView.swift; sourceTree = "<group>"; };
		9C27D34529A8B2630012C274 /* GroupView.swift */ = {isa = PBXFileReference; lastKnownFileType = sourcecode.swift; path = GroupView.swift; sourceTree = "<group>"; };
		9C27D34729A8B5460012C274 /* ClickedGroup.swift */ = {isa = PBXFileReference; lastKnownFileType = sourcecode.swift; path = ClickedGroup.swift; sourceTree = "<group>"; };
		9C3B41362A54966E002F3F5B /* Storyboard.storyboard */ = {isa = PBXFileReference; lastKnownFileType = file.storyboard; path = Storyboard.storyboard; sourceTree = "<group>"; };
		9C3BD94529BE7A2900637D36 /* Globals.swift */ = {isa = PBXFileReference; lastKnownFileType = sourcecode.swift; path = Globals.swift; sourceTree = "<group>"; };
		9C3BD94729BE808A00637D36 /* ReportsView.swift */ = {isa = PBXFileReference; lastKnownFileType = sourcecode.swift; path = ReportsView.swift; sourceTree = "<group>"; };
		9C4074C82A31E26A00C989CF /* Extensions.swift */ = {isa = PBXFileReference; lastKnownFileType = sourcecode.swift; path = Extensions.swift; sourceTree = "<group>"; };
		9C4683E72A502E56006D1B7A /* GeneralSettingsView.swift */ = {isa = PBXFileReference; lastKnownFileType = sourcecode.swift; path = GeneralSettingsView.swift; sourceTree = "<group>"; };
		9C4683E92A502F7C006D1B7A /* AdvancedSettingsView.swift */ = {isa = PBXFileReference; lastKnownFileType = sourcecode.swift; path = AdvancedSettingsView.swift; sourceTree = "<group>"; };
		9C4683EC2A503015006D1B7A /* PomodoroSettingsView.swift */ = {isa = PBXFileReference; lastKnownFileType = sourcecode.swift; path = PomodoroSettingsView.swift; sourceTree = "<group>"; };
		9C4683EE2A503059006D1B7A /* BuyProView.swift */ = {isa = PBXFileReference; lastKnownFileType = sourcecode.swift; path = BuyProView.swift; sourceTree = "<group>"; };
		9C4B2C762B6512530099CB9A /* StartFurtheranceTimerIntent.swift */ = {isa = PBXFileReference; lastKnownFileType = sourcecode.swift; path = StartFurtheranceTimerIntent.swift; sourceTree = "<group>"; };
		9C4F069D29A9282D009D1AFE /* SettingsView.swift */ = {isa = PBXFileReference; lastKnownFileType = sourcecode.swift; path = SettingsView.swift; sourceTree = "<group>"; };
		9C4F06A029A928A1009D1AFE /* Furtherance.storekit */ = {isa = PBXFileReference; lastKnownFileType = text; path = Furtherance.storekit; sourceTree = "<group>"; };
		9C4F06A129A928E8009D1AFE /* StoreModel.swift */ = {isa = PBXFileReference; lastKnownFileType = sourcecode.swift; path = StoreModel.swift; sourceTree = "<group>"; };
		9C74DECF2B5D804400322F21 /* CloudKit.framework */ = {isa = PBXFileReference; lastKnownFileType = wrapper.framework; name = CloudKit.framework; path = Platforms/iPhoneOS.platform/Developer/SDKs/iPhoneOS17.2.sdk/System/Library/Frameworks/CloudKit.framework; sourceTree = DEVELOPER_DIR; };
		9C75182E2A35FEEF005100B6 /* GroupAddView.swift */ = {isa = PBXFileReference; lastKnownFileType = sourcecode.swift; path = GroupAddView.swift; sourceTree = "<group>"; };
		9C7A69302B6D1DC40080E19F /* FurtheranceShortcuts.swift */ = {isa = PBXFileReference; lastKnownFileType = sourcecode.swift; path = FurtheranceShortcuts.swift; sourceTree = "<group>"; };
		9C98E11029A8BFF70064F63F /* ClickedTask.swift */ = {isa = PBXFileReference; lastKnownFileType = sourcecode.swift; path = ClickedTask.swift; sourceTree = "<group>"; };
		9C98E11229A8C0790064F63F /* TaskEditView.swift */ = {isa = PBXFileReference; lastKnownFileType = sourcecode.swift; path = TaskEditView.swift; sourceTree = "<group>"; };
		9C98E11429A8F6B80064F63F /* GroupEditView.swift */ = {isa = PBXFileReference; lastKnownFileType = sourcecode.swift; path = GroupEditView.swift; sourceTree = "<group>"; };
		9C98E11629A918BC0064F63F /* Autosave.swift */ = {isa = PBXFileReference; lastKnownFileType = sourcecode.swift; path = Autosave.swift; sourceTree = "<group>"; };
		9C9974A82B5D540700852592 /* PersistentTimer.swift */ = {isa = PBXFileReference; lastKnownFileType = sourcecode.swift; path = PersistentTimer.swift; sourceTree = "<group>"; };
		9C9DB0642A54405A00E0DC2B /* Assets-iOS.xcassets */ = {isa = PBXFileReference; lastKnownFileType = folder.assetcatalog; path = "Assets-iOS.xcassets"; sourceTree = "<group>"; };
		9CA84E1029A7721200A28FDA /* FurtheranceApp.swift */ = {isa = PBXFileReference; lastKnownFileType = sourcecode.swift; path = FurtheranceApp.swift; sourceTree = "<group>"; };
		9CA84E1229A7721200A28FDA /* ContentView.swift */ = {isa = PBXFileReference; lastKnownFileType = sourcecode.swift; path = ContentView.swift; sourceTree = "<group>"; };
		9CA84E1429A7721300A28FDA /* Assets-macOS.xcassets */ = {isa = PBXFileReference; lastKnownFileType = folder.assetcatalog; path = "Assets-macOS.xcassets"; sourceTree = "<group>"; };
		9CA84E1729A7721300A28FDA /* Preview Assets.xcassets */ = {isa = PBXFileReference; lastKnownFileType = folder.assetcatalog; path = "Preview Assets.xcassets"; sourceTree = "<group>"; };
		9CA84E1929A7721300A28FDA /* PersistenceController.swift */ = {isa = PBXFileReference; lastKnownFileType = sourcecode.swift; path = PersistenceController.swift; sourceTree = "<group>"; };
		9CA84E1C29A7721300A28FDA /* Furtherance.xcdatamodel */ = {isa = PBXFileReference; lastKnownFileType = wrapper.xcdatamodel; path = Furtherance.xcdatamodel; sourceTree = "<group>"; };
		9CA84E1E29A7721300A28FDA /* Furtherance.entitlements */ = {isa = PBXFileReference; lastKnownFileType = text.plist.entitlements; path = Furtherance.entitlements; sourceTree = "<group>"; };
		9CA84E2629A7767500A28FDA /* TaskTagsInput.swift */ = {isa = PBXFileReference; lastKnownFileType = sourcecode.swift; path = TaskTagsInput.swift; sourceTree = "<group>"; };
		9CA84E2F29A79EE600A28FDA /* TaskRow.swift */ = {isa = PBXFileReference; lastKnownFileType = sourcecode.swift; path = TaskRow.swift; sourceTree = "<group>"; };
		9CA84E3329A7A4F500A28FDA /* FurTaskGroup.swift */ = {isa = PBXFileReference; lastKnownFileType = sourcecode.swift; path = FurTaskGroup.swift; sourceTree = "<group>"; };
		9CA84E3529A7AE0600A28FDA /* TimerHelper.swift */ = {isa = PBXFileReference; lastKnownFileType = sourcecode.swift; path = TimerHelper.swift; sourceTree = "<group>"; };
		9CAB8E3129C1331C00610E6E /* StoreKit.framework */ = {isa = PBXFileReference; lastKnownFileType = wrapper.framework; name = StoreKit.framework; path = System/Library/Frameworks/StoreKit.framework; sourceTree = SDKROOT; };
		9CBD0C802B696E3500BC43DD /* StopFurtheranceTimerIntent.swift */ = {isa = PBXFileReference; lastKnownFileType = sourcecode.swift; path = StopFurtheranceTimerIntent.swift; sourceTree = "<group>"; };
		9CBD0C822B696EB000BC43DD /* ShouldIAskAppEnum.swift */ = {isa = PBXFileReference; lastKnownFileType = sourcecode.swift; path = ShouldIAskAppEnum.swift; sourceTree = "<group>"; };
		9CD6B96E2A5C2525007A65FA /* Info.plist */ = {isa = PBXFileReference; lastKnownFileType = text.plist; path = Info.plist; sourceTree = "<group>"; };
		9CDA71812B4E694A00758CE2 /* TimeDisplayView.swift */ = {isa = PBXFileReference; lastKnownFileType = sourcecode.swift; path = TimeDisplayView.swift; sourceTree = "<group>"; };
		9CE227312A3C3DD50008032D /* CSVFile.swift */ = {isa = PBXFileReference; lastKnownFileType = sourcecode.swift; path = CSVFile.swift; sourceTree = "<group>"; };
		9CE733E02A45C40800BF8165 /* AppDelegate.swift */ = {isa = PBXFileReference; lastKnownFileType = sourcecode.swift; path = AppDelegate.swift; sourceTree = "<group>"; };
		9CF305142B642D95007CDB5E /* OpenFurtheranceTimerIntent.swift */ = {isa = PBXFileReference; lastKnownFileType = sourcecode.swift; path = OpenFurtheranceTimerIntent.swift; sourceTree = "<group>"; };
		9CF305162B642EE7007CDB5E /* Navigator.swift */ = {isa = PBXFileReference; lastKnownFileType = sourcecode.swift; path = Navigator.swift; sourceTree = "<group>"; };
		9CFD85792B4C9D8800A8C5D8 /* Furtherance.app */ = {isa = PBXFileReference; explicitFileType = wrapper.application; includeInIndex = 0; path = Furtherance.app; sourceTree = BUILT_PRODUCTS_DIR; };
		9CFD857A2B4CA63500A8C5D8 /* DockTileContents.swift */ = {isa = PBXFileReference; lastKnownFileType = sourcecode.swift; path = DockTileContents.swift; sourceTree = "<group>"; };
/* End PBXFileReference section */

/* Begin PBXFrameworksBuildPhase section */
		9CA84E0A29A7721200A28FDA /* Frameworks */ = {
			isa = PBXFrameworksBuildPhase;
			buildActionMask = 2147483647;
			files = (
				9CAB8E3229C1331C00610E6E /* StoreKit.framework in Frameworks */,
				9C74DED02B5D804400322F21 /* CloudKit.framework in Frameworks */,
			);
			runOnlyForDeploymentPostprocessing = 0;
		};
/* End PBXFrameworksBuildPhase section */

/* Begin PBXGroup section */
		9C108A432A5ADF3A00BD60D3 /* Views */ = {
			isa = PBXGroup;
			children = (
				9C108A442A5ADF4A00BD60D3 /* IOSReportsView.swift */,
			);
			path = Views;
			sourceTree = "<group>";
		};
		9C3BD94429BE7A1A00637D36 /* Globals */ = {
			isa = PBXGroup;
			children = (
				9C3BD94529BE7A2900637D36 /* Globals.swift */,
				9C4074C82A31E26A00C989CF /* Extensions.swift */,
			);
			path = Globals;
			sourceTree = "<group>";
		};
		9C4683E62A502E38006D1B7A /* Settings */ = {
			isa = PBXGroup;
			children = (
				9C4F069D29A9282D009D1AFE /* SettingsView.swift */,
				9C4683E72A502E56006D1B7A /* GeneralSettingsView.swift */,
				9C4683E92A502F7C006D1B7A /* AdvancedSettingsView.swift */,
				9C4683EC2A503015006D1B7A /* PomodoroSettingsView.swift */,
				9C4683EE2A503059006D1B7A /* BuyProView.swift */,
			);
			path = Settings;
			sourceTree = "<group>";
		};
		9C46A04E2A5446DA0092EE90 /* iOS */ = {
			isa = PBXGroup;
			children = (
				9C108A432A5ADF3A00BD60D3 /* Views */,
				9C9DB0642A54405A00E0DC2B /* Assets-iOS.xcassets */,
				9C3B41362A54966E002F3F5B /* Storyboard.storyboard */,
			);
			path = iOS;
			sourceTree = "<group>";
		};
		9C46A04F2A5446E70092EE90 /* macOS */ = {
			isa = PBXGroup;
			children = (
				9CA84E1429A7721300A28FDA /* Assets-macOS.xcassets */,
			);
			path = macOS;
			sourceTree = "<group>";
		};
		9C4F069F29A9287B009D1AFE /* Store */ = {
			isa = PBXGroup;
			children = (
				9C4F06A029A928A1009D1AFE /* Furtherance.storekit */,
				9C4F06A129A928E8009D1AFE /* StoreModel.swift */,
			);
			path = Store;
			sourceTree = "<group>";
		};
		9C9974A72B5D53E100852592 /* Data Models */ = {
			isa = PBXGroup;
			children = (
				9CA84E1929A7721300A28FDA /* PersistenceController.swift */,
				9CA84E1B29A7721300A28FDA /* Furtherance.xcdatamodeld */,
				9C9974A82B5D540700852592 /* PersistentTimer.swift */,
			);
			path = "Data Models";
			sourceTree = "<group>";
		};
		9CA84E0429A7721200A28FDA = {
			isa = PBXGroup;
			children = (
				9CA84E0F29A7721200A28FDA /* Furtherance */,
				9CAB8E3029C1331C00610E6E /* Frameworks */,
				9CFD85792B4C9D8800A8C5D8 /* Furtherance.app */,
			);
			sourceTree = "<group>";
		};
		9CA84E0F29A7721200A28FDA /* Furtherance */ = {
			isa = PBXGroup;
			children = (
				9CF305132B642CAB007CDB5E /* Intents */,
				9C9974A72B5D53E100852592 /* Data Models */,
				9CD6B96E2A5C2525007A65FA /* Info.plist */,
				9C46A04F2A5446E70092EE90 /* macOS */,
				9C46A04E2A5446DA0092EE90 /* iOS */,
				9C3BD94429BE7A1A00637D36 /* Globals */,
				9C4F069F29A9287B009D1AFE /* Store */,
				9CA84E2E29A79ECC00A28FDA /* Views */,
				9CA84E2B29A77A8000A28FDA /* Helpers */,
				9CA84E2529A7766000A28FDA /* Objects */,
				9CA84E1029A7721200A28FDA /* FurtheranceApp.swift */,
				9CA84E1E29A7721300A28FDA /* Furtherance.entitlements */,
				9CA84E1629A7721300A28FDA /* Preview Content */,
			);
			path = Furtherance;
			sourceTree = "<group>";
		};
		9CA84E1629A7721300A28FDA /* Preview Content */ = {
			isa = PBXGroup;
			children = (
				9CA84E1729A7721300A28FDA /* Preview Assets.xcassets */,
			);
			path = "Preview Content";
			sourceTree = "<group>";
		};
		9CA84E2529A7766000A28FDA /* Objects */ = {
			isa = PBXGroup;
			children = (
				9CA84E2629A7767500A28FDA /* TaskTagsInput.swift */,
				9CA84E3329A7A4F500A28FDA /* FurTaskGroup.swift */,
				9C27D34729A8B5460012C274 /* ClickedGroup.swift */,
				9C98E11029A8BFF70064F63F /* ClickedTask.swift */,
				9CE733E02A45C40800BF8165 /* AppDelegate.swift */,
			);
			path = Objects;
			sourceTree = "<group>";
		};
		9CA84E2B29A77A8000A28FDA /* Helpers */ = {
			isa = PBXGroup;
			children = (
				9CA84E3529A7AE0600A28FDA /* TimerHelper.swift */,
				9C98E11629A918BC0064F63F /* Autosave.swift */,
				9CE227312A3C3DD50008032D /* CSVFile.swift */,
				9C0657302B4C32C300745C90 /* StopWatchHelper.swift */,
				9CFD857A2B4CA63500A8C5D8 /* DockTileContents.swift */,
				9CF305162B642EE7007CDB5E /* Navigator.swift */,
			);
			path = Helpers;
			sourceTree = "<group>";
		};
		9CA84E2E29A79ECC00A28FDA /* Views */ = {
			isa = PBXGroup;
			children = (
				9C4683E62A502E38006D1B7A /* Settings */,
				9CA84E1229A7721200A28FDA /* ContentView.swift */,
				9CA84E2F29A79EE600A28FDA /* TaskRow.swift */,
				9C27D34529A8B2630012C274 /* GroupView.swift */,
				9C75182E2A35FEEF005100B6 /* GroupAddView.swift */,
				9C98E11229A8C0790064F63F /* TaskEditView.swift */,
				9C98E11429A8F6B80064F63F /* GroupEditView.swift */,
				9C3BD94729BE808A00637D36 /* ReportsView.swift */,
				9C1026662A361B5000FB95D8 /* AddTaskView.swift */,
				9CDA71812B4E694A00758CE2 /* TimeDisplayView.swift */,
			);
			path = Views;
			sourceTree = "<group>";
		};
		9CAB8E3029C1331C00610E6E /* Frameworks */ = {
			isa = PBXGroup;
			children = (
				9C74DECF2B5D804400322F21 /* CloudKit.framework */,
				9CAB8E3129C1331C00610E6E /* StoreKit.framework */,
			);
			name = Frameworks;
			sourceTree = "<group>";
		};
		9CF305132B642CAB007CDB5E /* Intents */ = {
			isa = PBXGroup;
			children = (
				9CF305142B642D95007CDB5E /* OpenFurtheranceTimerIntent.swift */,
				9C4B2C762B6512530099CB9A /* StartFurtheranceTimerIntent.swift */,
				9CBD0C802B696E3500BC43DD /* StopFurtheranceTimerIntent.swift */,
				9CBD0C822B696EB000BC43DD /* ShouldIAskAppEnum.swift */,
				9C7A69302B6D1DC40080E19F /* FurtheranceShortcuts.swift */,
			);
			path = Intents;
			sourceTree = "<group>";
		};
/* End PBXGroup section */

/* Begin PBXNativeTarget section */
		9CA84E0C29A7721200A28FDA /* Furtherance */ = {
			isa = PBXNativeTarget;
			buildConfigurationList = 9CA84E2129A7721300A28FDA /* Build configuration list for PBXNativeTarget "Furtherance" */;
			buildPhases = (
				9CA84E0929A7721200A28FDA /* Sources */,
				9CA84E0A29A7721200A28FDA /* Frameworks */,
				9CA84E0B29A7721200A28FDA /* Resources */,
			);
			buildRules = (
			);
			dependencies = (
			);
			name = Furtherance;
			packageProductDependencies = (
			);
			productName = Furtherance;
			productReference = 9CFD85792B4C9D8800A8C5D8 /* Furtherance.app */;
			productType = "com.apple.product-type.application";
		};
/* End PBXNativeTarget section */

/* Begin PBXProject section */
		9CA84E0529A7721200A28FDA /* Project object */ = {
			isa = PBXProject;
			attributes = {
				BuildIndependentTargetsInParallel = 1;
				LastSwiftUpdateCheck = 1420;
				LastUpgradeCheck = 1510;
				TargetAttributes = {
					9CA84E0C29A7721200A28FDA = {
						CreatedOnToolsVersion = 14.2;
					};
				};
			};
			buildConfigurationList = 9CA84E0829A7721200A28FDA /* Build configuration list for PBXProject "Furtherance" */;
			compatibilityVersion = "Xcode 14.0";
			developmentRegion = en;
			hasScannedForEncodings = 0;
			knownRegions = (
				en,
				Base,
			);
			mainGroup = 9CA84E0429A7721200A28FDA;
			packageReferences = (
			);
			productRefGroup = 9CA84E0429A7721200A28FDA;
			projectDirPath = "";
			projectRoot = "";
			targets = (
				9CA84E0C29A7721200A28FDA /* Furtherance */,
			);
		};
/* End PBXProject section */

/* Begin PBXResourcesBuildPhase section */
		9CA84E0B29A7721200A28FDA /* Resources */ = {
			isa = PBXResourcesBuildPhase;
			buildActionMask = 2147483647;
			files = (
				9C9DB0652A54405A00E0DC2B /* Assets-iOS.xcassets in Resources */,
				9C9DB0622A543F0600E0DC2B /* Assets-macOS.xcassets in Resources */,
				9C3B41372A54966E002F3F5B /* Storyboard.storyboard in Resources */,
			);
			runOnlyForDeploymentPostprocessing = 0;
		};
/* End PBXResourcesBuildPhase section */

/* Begin PBXSourcesBuildPhase section */
		9CA84E0929A7721200A28FDA /* Sources */ = {
			isa = PBXSourcesBuildPhase;
			buildActionMask = 2147483647;
			files = (
				9CE733E12A45C40800BF8165 /* AppDelegate.swift in Sources */,
				9CF305172B642EE7007CDB5E /* Navigator.swift in Sources */,
				9CBD0C832B696EB000BC43DD /* ShouldIAskAppEnum.swift in Sources */,
				9C4683E82A502E56006D1B7A /* GeneralSettingsView.swift in Sources */,
				9C9974A92B5D540700852592 /* PersistentTimer.swift in Sources */,
				9C7A69312B6D1DC40080E19F /* FurtheranceShortcuts.swift in Sources */,
				9C4F06A229A928E8009D1AFE /* StoreModel.swift in Sources */,
				9CDA71822B4E694A00758CE2 /* TimeDisplayView.swift in Sources */,
				9C4683ED2A503015006D1B7A /* PomodoroSettingsView.swift in Sources */,
				9CA84E2729A7767500A28FDA /* TaskTagsInput.swift in Sources */,
				9C27D34829A8B5460012C274 /* ClickedGroup.swift in Sources */,
				9CA84E3629A7AE0600A28FDA /* TimerHelper.swift in Sources */,
				9C98E11729A918BC0064F63F /* Autosave.swift in Sources */,
				9C98E11329A8C0790064F63F /* TaskEditView.swift in Sources */,
				9CA84E1A29A7721300A28FDA /* PersistenceController.swift in Sources */,
				9CA84E1329A7721200A28FDA /* ContentView.swift in Sources */,
				9C3BD94629BE7A2900637D36 /* Globals.swift in Sources */,
				9C75182F2A35FEEF005100B6 /* GroupAddView.swift in Sources */,
				9C1026672A361B5000FB95D8 /* AddTaskView.swift in Sources */,
				9C0657312B4C32C300745C90 /* StopWatchHelper.swift in Sources */,
				9CA84E1129A7721200A28FDA /* FurtheranceApp.swift in Sources */,
				9C4F069E29A9282D009D1AFE /* SettingsView.swift in Sources */,
				9C3BD94829BE808A00637D36 /* ReportsView.swift in Sources */,
				9CF305152B642D95007CDB5E /* OpenFurtheranceTimerIntent.swift in Sources */,
				9C98E11529A8F6B80064F63F /* GroupEditView.swift in Sources */,
				9CBD0C812B696E3500BC43DD /* StopFurtheranceTimerIntent.swift in Sources */,
				9C108A452A5ADF4A00BD60D3 /* IOSReportsView.swift in Sources */,
				9CA84E3029A79EE600A28FDA /* TaskRow.swift in Sources */,
				9C4074C92A31E26A00C989CF /* Extensions.swift in Sources */,
				9CFD857B2B4CA63500A8C5D8 /* DockTileContents.swift in Sources */,
				9CE227322A3C3DD50008032D /* CSVFile.swift in Sources */,
				9CA84E3429A7A4F500A28FDA /* FurTaskGroup.swift in Sources */,
				9C4683EF2A503059006D1B7A /* BuyProView.swift in Sources */,
				9C27D34629A8B2630012C274 /* GroupView.swift in Sources */,
				9C98E11129A8BFF70064F63F /* ClickedTask.swift in Sources */,
				9CA84E1D29A7721300A28FDA /* Furtherance.xcdatamodeld in Sources */,
				9C4683EA2A502F7C006D1B7A /* AdvancedSettingsView.swift in Sources */,
				9C4B2C772B6512530099CB9A /* StartFurtheranceTimerIntent.swift in Sources */,
			);
			runOnlyForDeploymentPostprocessing = 0;
		};
/* End PBXSourcesBuildPhase section */

/* Begin XCBuildConfiguration section */
		9CA84E1F29A7721300A28FDA /* Debug */ = {
			isa = XCBuildConfiguration;
			buildSettings = {
				ALWAYS_SEARCH_USER_PATHS = NO;
				ASSETCATALOG_COMPILER_GENERATE_SWIFT_ASSET_SYMBOL_EXTENSIONS = YES;
				CLANG_ANALYZER_NONNULL = YES;
				CLANG_ANALYZER_NUMBER_OBJECT_CONVERSION = YES_AGGRESSIVE;
				CLANG_CXX_LANGUAGE_STANDARD = "gnu++20";
				CLANG_ENABLE_MODULES = YES;
				CLANG_ENABLE_OBJC_ARC = YES;
				CLANG_ENABLE_OBJC_WEAK = YES;
				CLANG_WARN_BLOCK_CAPTURE_AUTORELEASING = YES;
				CLANG_WARN_BOOL_CONVERSION = YES;
				CLANG_WARN_COMMA = YES;
				CLANG_WARN_CONSTANT_CONVERSION = YES;
				CLANG_WARN_DEPRECATED_OBJC_IMPLEMENTATIONS = YES;
				CLANG_WARN_DIRECT_OBJC_ISA_USAGE = YES_ERROR;
				CLANG_WARN_DOCUMENTATION_COMMENTS = YES;
				CLANG_WARN_EMPTY_BODY = YES;
				CLANG_WARN_ENUM_CONVERSION = YES;
				CLANG_WARN_INFINITE_RECURSION = YES;
				CLANG_WARN_INT_CONVERSION = YES;
				CLANG_WARN_NON_LITERAL_NULL_CONVERSION = YES;
				CLANG_WARN_OBJC_IMPLICIT_RETAIN_SELF = YES;
				CLANG_WARN_OBJC_LITERAL_CONVERSION = YES;
				CLANG_WARN_OBJC_ROOT_CLASS = YES_ERROR;
				CLANG_WARN_QUOTED_INCLUDE_IN_FRAMEWORK_HEADER = YES;
				CLANG_WARN_RANGE_LOOP_ANALYSIS = YES;
				CLANG_WARN_STRICT_PROTOTYPES = YES;
				CLANG_WARN_SUSPICIOUS_MOVE = YES;
				CLANG_WARN_UNGUARDED_AVAILABILITY = YES_AGGRESSIVE;
				CLANG_WARN_UNREACHABLE_CODE = YES;
				CLANG_WARN__DUPLICATE_METHOD_MATCH = YES;
				COPY_PHASE_STRIP = NO;
				DEAD_CODE_STRIPPING = YES;
				DEBUG_INFORMATION_FORMAT = dwarf;
				ENABLE_STRICT_OBJC_MSGSEND = YES;
				ENABLE_TESTABILITY = YES;
				ENABLE_USER_SCRIPT_SANDBOXING = YES;
				GCC_C_LANGUAGE_STANDARD = gnu11;
				GCC_DYNAMIC_NO_PIC = NO;
				GCC_NO_COMMON_BLOCKS = YES;
				GCC_OPTIMIZATION_LEVEL = 0;
				GCC_PREPROCESSOR_DEFINITIONS = (
					"DEBUG=1",
					"$(inherited)",
				);
				GCC_WARN_64_TO_32_BIT_CONVERSION = YES;
				GCC_WARN_ABOUT_RETURN_TYPE = YES_ERROR;
				GCC_WARN_UNDECLARED_SELECTOR = YES;
				GCC_WARN_UNINITIALIZED_AUTOS = YES_AGGRESSIVE;
				GCC_WARN_UNUSED_FUNCTION = YES;
				GCC_WARN_UNUSED_VARIABLE = YES;
				IPHONEOS_DEPLOYMENT_TARGET = 17.2;
				MACOSX_DEPLOYMENT_TARGET = 14.0;
				MTL_ENABLE_DEBUG_INFO = INCLUDE_SOURCE;
				MTL_FAST_MATH = YES;
				ONLY_ACTIVE_ARCH = YES;
				SDKROOT = macosx;
				SWIFT_ACTIVE_COMPILATION_CONDITIONS = DEBUG;
				SWIFT_OPTIMIZATION_LEVEL = "-Onone";
			};
			name = Debug;
		};
		9CA84E2029A7721300A28FDA /* Release */ = {
			isa = XCBuildConfiguration;
			buildSettings = {
				ALWAYS_SEARCH_USER_PATHS = NO;
				ASSETCATALOG_COMPILER_GENERATE_SWIFT_ASSET_SYMBOL_EXTENSIONS = YES;
				CLANG_ANALYZER_NONNULL = YES;
				CLANG_ANALYZER_NUMBER_OBJECT_CONVERSION = YES_AGGRESSIVE;
				CLANG_CXX_LANGUAGE_STANDARD = "gnu++20";
				CLANG_ENABLE_MODULES = YES;
				CLANG_ENABLE_OBJC_ARC = YES;
				CLANG_ENABLE_OBJC_WEAK = YES;
				CLANG_WARN_BLOCK_CAPTURE_AUTORELEASING = YES;
				CLANG_WARN_BOOL_CONVERSION = YES;
				CLANG_WARN_COMMA = YES;
				CLANG_WARN_CONSTANT_CONVERSION = YES;
				CLANG_WARN_DEPRECATED_OBJC_IMPLEMENTATIONS = YES;
				CLANG_WARN_DIRECT_OBJC_ISA_USAGE = YES_ERROR;
				CLANG_WARN_DOCUMENTATION_COMMENTS = YES;
				CLANG_WARN_EMPTY_BODY = YES;
				CLANG_WARN_ENUM_CONVERSION = YES;
				CLANG_WARN_INFINITE_RECURSION = YES;
				CLANG_WARN_INT_CONVERSION = YES;
				CLANG_WARN_NON_LITERAL_NULL_CONVERSION = YES;
				CLANG_WARN_OBJC_IMPLICIT_RETAIN_SELF = YES;
				CLANG_WARN_OBJC_LITERAL_CONVERSION = YES;
				CLANG_WARN_OBJC_ROOT_CLASS = YES_ERROR;
				CLANG_WARN_QUOTED_INCLUDE_IN_FRAMEWORK_HEADER = YES;
				CLANG_WARN_RANGE_LOOP_ANALYSIS = YES;
				CLANG_WARN_STRICT_PROTOTYPES = YES;
				CLANG_WARN_SUSPICIOUS_MOVE = YES;
				CLANG_WARN_UNGUARDED_AVAILABILITY = YES_AGGRESSIVE;
				CLANG_WARN_UNREACHABLE_CODE = YES;
				CLANG_WARN__DUPLICATE_METHOD_MATCH = YES;
				COPY_PHASE_STRIP = NO;
				DEAD_CODE_STRIPPING = YES;
				DEBUG_INFORMATION_FORMAT = "dwarf-with-dsym";
				ENABLE_NS_ASSERTIONS = NO;
				ENABLE_STRICT_OBJC_MSGSEND = YES;
				ENABLE_USER_SCRIPT_SANDBOXING = YES;
				GCC_C_LANGUAGE_STANDARD = gnu11;
				GCC_NO_COMMON_BLOCKS = YES;
				GCC_WARN_64_TO_32_BIT_CONVERSION = YES;
				GCC_WARN_ABOUT_RETURN_TYPE = YES_ERROR;
				GCC_WARN_UNDECLARED_SELECTOR = YES;
				GCC_WARN_UNINITIALIZED_AUTOS = YES_AGGRESSIVE;
				GCC_WARN_UNUSED_FUNCTION = YES;
				GCC_WARN_UNUSED_VARIABLE = YES;
				IPHONEOS_DEPLOYMENT_TARGET = 17.2;
				MACOSX_DEPLOYMENT_TARGET = 14.0;
				MTL_ENABLE_DEBUG_INFO = NO;
				MTL_FAST_MATH = YES;
				SDKROOT = macosx;
				SWIFT_COMPILATION_MODE = wholemodule;
				SWIFT_OPTIMIZATION_LEVEL = "-O";
			};
			name = Release;
		};
		9CA84E2229A7721300A28FDA /* Debug */ = {
			isa = XCBuildConfiguration;
			buildSettings = {
				ASSETCATALOG_COMPILER_APPICON_NAME = AppIcon;
				ASSETCATALOG_COMPILER_GLOBAL_ACCENT_COLOR_NAME = AccentColor;
				ASSETCATALOG_COMPILER_INCLUDE_ALL_APPICON_ASSETS = NO;
				CODE_SIGN_ENTITLEMENTS = Furtherance/Furtherance.entitlements;
				"CODE_SIGN_IDENTITY[sdk=macosx*]" = "Apple Development";
				CODE_SIGN_STYLE = Automatic;
				COMBINE_HIDPI_IMAGES = YES;
				CURRENT_PROJECT_VERSION = 25;
				DEAD_CODE_STRIPPING = YES;
				DEVELOPMENT_ASSET_PATHS = "\"Furtherance/Preview Content\"";
				DEVELOPMENT_TEAM = Z5MKQX2NCZ;
				ENABLE_HARDENED_RUNTIME = YES;
				ENABLE_PREVIEWS = YES;
				GENERATE_INFOPLIST_FILE = YES;
				INFOPLIST_FILE = Furtherance/Info.plist;
				INFOPLIST_KEY_CFBundleDisplayName = Furtherance;
				INFOPLIST_KEY_LSApplicationCategoryType = "public.app-category.productivity";
				INFOPLIST_KEY_NSHumanReadableCopyright = "";
				INFOPLIST_KEY_UILaunchStoryboardName = Storyboard;
				INFOPLIST_KEY_UIRequiresFullScreen = NO;
				INFOPLIST_KEY_UIStatusBarStyle = "";
				INFOPLIST_KEY_UISupportedInterfaceOrientations = "UIInterfaceOrientationLandscapeLeft UIInterfaceOrientationLandscapeRight UIInterfaceOrientationPortrait";
				INFOPLIST_KEY_UISupportedInterfaceOrientations_iPad = "UIInterfaceOrientationLandscapeLeft UIInterfaceOrientationLandscapeRight UIInterfaceOrientationPortrait UIInterfaceOrientationPortraitUpsideDown";
				IPHONEOS_DEPLOYMENT_TARGET = 17.0;
				LD_RUNPATH_SEARCH_PATHS = (
					"$(inherited)",
					"@executable_path/../Frameworks",
				);
				MARKETING_VERSION = 1.4;
				PRODUCT_BUNDLE_IDENTIFIER = com.lakoliu.furtherance;
				PRODUCT_NAME = "$(TARGET_NAME)";
				SDKROOT = macosx;
				SUPPORTED_PLATFORMS = "iphoneos iphonesimulator macosx";
				SUPPORTS_MACCATALYST = NO;
				SUPPORTS_MAC_DESIGNED_FOR_IPHONE_IPAD = NO;
				SWIFT_EMIT_LOC_STRINGS = YES;
				SWIFT_VERSION = 5.0;
				TARGETED_DEVICE_FAMILY = "1,2";
			};
			name = Debug;
		};
		9CA84E2329A7721300A28FDA /* Release */ = {
			isa = XCBuildConfiguration;
			buildSettings = {
				ASSETCATALOG_COMPILER_APPICON_NAME = AppIcon;
				ASSETCATALOG_COMPILER_GLOBAL_ACCENT_COLOR_NAME = AccentColor;
				ASSETCATALOG_COMPILER_INCLUDE_ALL_APPICON_ASSETS = NO;
				CODE_SIGN_ENTITLEMENTS = Furtherance/Furtherance.entitlements;
				"CODE_SIGN_IDENTITY[sdk=macosx*]" = "Apple Development";
				CODE_SIGN_STYLE = Automatic;
				COMBINE_HIDPI_IMAGES = YES;
				CURRENT_PROJECT_VERSION = 25;
				DEAD_CODE_STRIPPING = YES;
				DEVELOPMENT_ASSET_PATHS = "\"Furtherance/Preview Content\"";
				DEVELOPMENT_TEAM = Z5MKQX2NCZ;
				ENABLE_HARDENED_RUNTIME = YES;
				ENABLE_PREVIEWS = YES;
				GENERATE_INFOPLIST_FILE = YES;
				INFOPLIST_FILE = Furtherance/Info.plist;
				INFOPLIST_KEY_CFBundleDisplayName = Furtherance;
				INFOPLIST_KEY_LSApplicationCategoryType = "public.app-category.productivity";
				INFOPLIST_KEY_NSHumanReadableCopyright = "";
				INFOPLIST_KEY_UILaunchStoryboardName = Storyboard;
				INFOPLIST_KEY_UIRequiresFullScreen = NO;
				INFOPLIST_KEY_UIStatusBarStyle = "";
				INFOPLIST_KEY_UISupportedInterfaceOrientations = "UIInterfaceOrientationLandscapeLeft UIInterfaceOrientationLandscapeRight UIInterfaceOrientationPortrait";
				INFOPLIST_KEY_UISupportedInterfaceOrientations_iPad = "UIInterfaceOrientationLandscapeLeft UIInterfaceOrientationLandscapeRight UIInterfaceOrientationPortrait UIInterfaceOrientationPortraitUpsideDown";
				IPHONEOS_DEPLOYMENT_TARGET = 17.0;
				LD_RUNPATH_SEARCH_PATHS = (
					"$(inherited)",
					"@executable_path/../Frameworks",
				);
				MARKETING_VERSION = 1.4;
				PRODUCT_BUNDLE_IDENTIFIER = com.lakoliu.furtherance;
				PRODUCT_NAME = "$(TARGET_NAME)";
				SDKROOT = macosx;
				SUPPORTED_PLATFORMS = "iphoneos iphonesimulator macosx";
				SUPPORTS_MACCATALYST = NO;
				SUPPORTS_MAC_DESIGNED_FOR_IPHONE_IPAD = NO;
				SWIFT_EMIT_LOC_STRINGS = YES;
				SWIFT_VERSION = 5.0;
				TARGETED_DEVICE_FAMILY = "1,2";
			};
			name = Release;
		};
/* End XCBuildConfiguration section */

/* Begin XCConfigurationList section */
		9CA84E0829A7721200A28FDA /* Build configuration list for PBXProject "Furtherance" */ = {
			isa = XCConfigurationList;
			buildConfigurations = (
				9CA84E1F29A7721300A28FDA /* Debug */,
				9CA84E2029A7721300A28FDA /* Release */,
			);
			defaultConfigurationIsVisible = 0;
			defaultConfigurationName = Release;
		};
		9CA84E2129A7721300A28FDA /* Build configuration list for PBXNativeTarget "Furtherance" */ = {
			isa = XCConfigurationList;
			buildConfigurations = (
				9CA84E2229A7721300A28FDA /* Debug */,
				9CA84E2329A7721300A28FDA /* Release */,
			);
			defaultConfigurationIsVisible = 0;
			defaultConfigurationName = Release;
		};
/* End XCConfigurationList section */

/* Begin XCVersionGroup section */
		9CA84E1B29A7721300A28FDA /* Furtherance.xcdatamodeld */ = {
			isa = XCVersionGroup;
			children = (
				9CA84E1C29A7721300A28FDA /* Furtherance.xcdatamodel */,
			);
			currentVersion = 9CA84E1C29A7721300A28FDA /* Furtherance.xcdatamodel */;
			path = Furtherance.xcdatamodeld;
			sourceTree = "<group>";
			versionGroupType = wrapper.xcdatamodel;
		};
/* End XCVersionGroup section */
	};
	rootObject = 9CA84E0529A7721200A28FDA /* Project object */;
}
